
Microsoft Visual Studio Solution File, Format Version 10.00
# Visual Studio 2008
Project("{FAE04EC0-301F-11D3-BF4B-00C04F79EFBC}") = "EVEIntelManager", "EVEIntelManager\EVEIntelManager.csproj", "{B7BE1E6C-067B-4A33-A35B-EFFE7F54D1F0}"
	ProjectSection(ProjectDependencies) = postProject
		{35E60D0B-3F3C-45F0-9B04-A3419A910E8B} = {35E60D0B-3F3C-45F0-9B04-A3419A910E8B}
	EndProjectSection
EndProject
Project("{FAE04EC0-301F-11D3-BF4B-00C04F79EFBC}") = "LogMonitor", "LogMonitor\LogMonitor.csproj", "{35E60D0B-3F3C-45F0-9B04-A3419A910E8B}"
EndProject
Project("{FAE04EC0-301F-11D3-BF4B-00C04F79EFBC}") = "EVELogMonitor", "EVELogMonitor\EVELogMonitor.csproj", "{425EF3BF-3E0C-4C82-9327-193CC41CC7F2}"
EndProject
Project("{54435603-DBB4-11D2-8724-00A0C9A8B90C}") = "EVE-Intel-Monitor", "EVE-Intel-Monitor\EVE-Intel-Monitor.vdproj", "{1A294FBE-8F62-45E8-8B95-63B609E47CFC}"
EndProject
Project("{FAE04EC0-301F-11D3-BF4B-00C04F79EFBC}") = "EVEIntelAnalyzer", "EVEIntelAnalyzer\EVEIntelAnalyzer.csproj", "{D166E752-F66B-4F0C-BB9A-E3D76BA6741D}"
EndProject
Global
	GlobalSection(SolutionConfigurationPlatforms) = preSolution
		Debug|Any CPU = Debug|Any CPU
		Debug|x86 = Debug|x86
		Release|Any CPU = Release|Any CPU
		Release|x86 = Release|x86
		x86|Any CPU = x86|Any CPU
		x86|x86 = x86|x86
	EndGlobalSection
	GlobalSection(ProjectConfigurationPlatforms) = postSolution
		{B7BE1E6C-067B-4A33-A35B-EFFE7F54D1F0}.Debug|Any CPU.ActiveCfg = Debug|Any CPU
		{B7BE1E6C-067B-4A33-A35B-EFFE7F54D1F0}.Debug|Any CPU.Build.0 = Debug|Any CPU
		{B7BE1E6C-067B-4A33-A35B-EFFE7F54D1F0}.Debug|x86.ActiveCfg = Debug|x86
		{B7BE1E6C-067B-4A33-A35B-EFFE7F54D1F0}.Debug|x86.Build.0 = Debug|x86
		{B7BE1E6C-067B-4A33-A35B-EFFE7F54D1F0}.Release|Any CPU.ActiveCfg = Release|Any CPU
		{B7BE1E6C-067B-4A33-A35B-EFFE7F54D1F0}.Release|Any CPU.Build.0 = Release|Any CPU
		{B7BE1E6C-067B-4A33-A35B-EFFE7F54D1F0}.Release|x86.ActiveCfg = Release|x86
		{B7BE1E6C-067B-4A33-A35B-EFFE7F54D1F0}.Release|x86.Build.0 = Release|x86
		{B7BE1E6C-067B-4A33-A35B-EFFE7F54D1F0}.x86|Any CPU.ActiveCfg = x86|Any CPU
		{B7BE1E6C-067B-4A33-A35B-EFFE7F54D1F0}.x86|Any CPU.Build.0 = x86|Any CPU
		{B7BE1E6C-067B-4A33-A35B-EFFE7F54D1F0}.x86|x86.ActiveCfg = x86|x86
		{B7BE1E6C-067B-4A33-A35B-EFFE7F54D1F0}.x86|x86.Build.0 = x86|x86
		{35E60D0B-3F3C-45F0-9B04-A3419A910E8B}.Debug|Any CPU.ActiveCfg = Debug|Any CPU
		{35E60D0B-3F3C-45F0-9B04-A3419A910E8B}.Debug|Any CPU.Build.0 = Debug|Any CPU
		{35E60D0B-3F3C-45F0-9B04-A3419A910E8B}.Debug|x86.ActiveCfg = Debug|x86
		{35E60D0B-3F3C-45F0-9B04-A3419A910E8B}.Debug|x86.Build.0 = Debug|x86
		{35E60D0B-3F3C-45F0-9B04-A3419A910E8B}.Release|Any CPU.ActiveCfg = Release|Any CPU
		{35E60D0B-3F3C-45F0-9B04-A3419A910E8B}.Release|Any CPU.Build.0 = Release|Any CPU
		{35E60D0B-3F3C-45F0-9B04-A3419A910E8B}.Release|x86.ActiveCfg = Release|Any CPU
		{35E60D0B-3F3C-45F0-9B04-A3419A910E8B}.Release|x86.Build.0 = Release|Any CPU
		{35E60D0B-3F3C-45F0-9B04-A3419A910E8B}.x86|Any CPU.ActiveCfg = x86|Any CPU
		{35E60D0B-3F3C-45F0-9B04-A3419A910E8B}.x86|Any CPU.Build.0 = x86|Any CPU
		{35E60D0B-3F3C-45F0-9B04-A3419A910E8B}.x86|x86.ActiveCfg = x86|x86
		{35E60D0B-3F3C-45F0-9B04-A3419A910E8B}.x86|x86.Build.0 = x86|x86
		{425EF3BF-3E0C-4C82-9327-193CC41CC7F2}.Debug|Any CPU.ActiveCfg = Debug|Any CPU
		{425EF3BF-3E0C-4C82-9327-193CC41CC7F2}.Debug|Any CPU.Build.0 = Debug|Any CPU
		{425EF3BF-3E0C-4C82-9327-193CC41CC7F2}.Debug|x86.ActiveCfg = Debug|x86
		{425EF3BF-3E0C-4C82-9327-193CC41CC7F2}.Debug|x86.Build.0 = Debug|x86
		{425EF3BF-3E0C-4C82-9327-193CC41CC7F2}.Release|Any CPU.ActiveCfg = Release|Any CPU
		{425EF3BF-3E0C-4C82-9327-193CC41CC7F2}.Release|Any CPU.Build.0 = Release|Any CPU
		{425EF3BF-3E0C-4C82-9327-193CC41CC7F2}.Release|x86.ActiveCfg = Release|Any CPU
		{425EF3BF-3E0C-4C82-9327-193CC41CC7F2}.Release|x86.Build.0 = Release|Any CPU
		{425EF3BF-3E0C-4C82-9327-193CC41CC7F2}.x86|Any CPU.ActiveCfg = x86|Any CPU
		{425EF3BF-3E0C-4C82-9327-193CC41CC7F2}.x86|Any CPU.Build.0 = x86|Any CPU
		{425EF3BF-3E0C-4C82-9327-193CC41CC7F2}.x86|x86.ActiveCfg = x86|x86
		{425EF3BF-3E0C-4C82-9327-193CC41CC7F2}.x86|x86.Build.0 = x86|x86
		{1A294FBE-8F62-45E8-8B95-63B609E47CFC}.Debug|Any CPU.ActiveCfg = Debug
		{1A294FBE-8F62-45E8-8B95-63B609E47CFC}.Debug|x86.ActiveCfg = Debug
		{1A294FBE-8F62-45E8-8B95-63B609E47CFC}.Release|Any CPU.ActiveCfg = Release
		{1A294FBE-8F62-45E8-8B95-63B609E47CFC}.Release|x86.ActiveCfg = Release
		{1A294FBE-8F62-45E8-8B95-63B609E47CFC}.x86|Any CPU.ActiveCfg = Release
		{1A294FBE-8F62-45E8-8B95-63B609E47CFC}.x86|x86.ActiveCfg = Release
		{D166E752-F66B-4F0C-BB9A-E3D76BA6741D}.Debug|Any CPU.ActiveCfg = Debug|Any CPU
		{D166E752-F66B-4F0C-BB9A-E3D76BA6741D}.Debug|Any CPU.Build.0 = Debug|Any CPU
		{D166E752-F66B-4F0C-BB9A-E3D76BA6741D}.Debug|x86.ActiveCfg = Debug|Any CPU
		{D166E752-F66B-4F0C-BB9A-E3D76BA6741D}.Debug|x86.Build.0 = Debug|Any CPU
		{D166E752-F66B-4F0C-BB9A-E3D76BA6741D}.Release|Any CPU.ActiveCfg = Release|Any CPU
		{D166E752-F66B-4F0C-BB9A-E3D76BA6741D}.Release|Any CPU.Build.0 = Release|Any CPU
		{D166E752-F66B-4F0C-BB9A-E3D76BA6741D}.Release|x86.ActiveCfg = Release|x86
		{D166E752-F66B-4F0C-BB9A-E3D76BA6741D}.Release|x86.Build.0 = Release|x86
		{D166E752-F66B-4F0C-BB9A-E3D76BA6741D}.x86|Any CPU.ActiveCfg = Release|Any CPU
		{D166E752-F66B-4F0C-BB9A-E3D76BA6741D}.x86|Any CPU.Build.0 = Release|Any CPU
		{D166E752-F66B-4F0C-BB9A-E3D76BA6741D}.x86|x86.ActiveCfg = Release|Any CPU
	EndGlobalSection
	GlobalSection(SolutionProperties) = preSolution
		HideSolutionNode = FALSE
	EndGlobalSection
EndGlobal
